{
  "name": "unity-ui-kit",
  "version": "1.0.0",
  "lockfileVersion": 3,
  "requires": true,
  "packages": {
    "": {
      "name": "unity-ui-kit",
      "version": "1.0.0",
      "license": "UNLICENSED",
      "dependencies": {
        "@material-symbols/metadata": "^0.46.0"
      }
    },
    "node_modules/@material-symbols/metadata": {
      "version": "0.46.0",
      "resolved": "https://registry.npmjs.org/@material-symbols/metadata/-/metadata-0.46.0.tgz",
      "integrity": "sha512-2X7gB1PN23FmE889BnzgePOgs5sYrpkafop/xIXQyL3zJcFNhVnCqlYizSMByIj/yJmhPaFA4YGd30ks6+SO/g==",
      "license": "Apache-2.0"
    }
  }
}
